[[package]]
name = "aiocontextvars"
version = "0.2.2"
description = "Asyncio support for PEP-567 contextvars backport."
category = "main"
optional = false
python-versions = ">=3.5"

[package.dependencies]
contextvars = {version = "2.4", markers = "python_version < \"3.7\""}

[[package]]
name = "certifi"
version = "2022.5.18.1"
description = "Python package for providing Mozilla's CA Bundle."
category = "main"
optional = false
python-versions = ">=3.6"

[[package]]
name = "charset-normalizer"
version = "2.0.12"
description = "The Real First Universal Charset Detector. Open, modern and actively maintained alternative to Chardet."
category = "main"
optional = false
python-versions = ">=3.5.0"

[package.extras]
unicode_backport = ["unicodedata2"]

[[package]]
name = "click"
version = "8.0.4"
description = "Composable command line interface toolkit"
category = "main"
optional = false
python-versions = ">=3.6"

[package.dependencies]
colorama = {version = "*", markers = "platform_system == \"Windows\""}
importlib-metadata = {version = "*", markers = "python_version < \"3.8\""}

[[package]]
name = "colorama"
version = "0.4.4"
description = "Cross-platform colored terminal text."
category = "main"
optional = false
python-versions = ">=2.7, !=3.0.*, !=3.1.*, !=3.2.*, !=3.3.*, !=3.4.*"

[[package]]
name = "contextvars"
version = "2.4"
description = "PEP 567 Backport"
category = "main"
optional = false
python-versions = "*"

[package.dependencies]
immutables = ">=0.9"

[[package]]
name = "hardwario-common"
version = "1.6.1"
description = "HARDWARIO Common"
category = "main"
optional = false
python-versions = ">=3.6"

[package.dependencies]
click = ">=8.0.3,<9.0.0"
loguru = ">=0.6.0,<0.7.0"

[[package]]
name = "idna"
version = "3.3"
description = "Internationalized Domain Names in Applications (IDNA)"
category = "main"
optional = false
python-versions = ">=3.5"

[[package]]
name = "immutables"
version = "0.18"
description = "Immutable Collections"
category = "main"
optional = false
python-versions = ">=3.6"

[package.dependencies]
typing-extensions = {version = ">=3.7.4.3", markers = "python_version < \"3.8\""}

[package.extras]
test = ["flake8 (>=3.8.4,<3.9.0)", "pycodestyle (>=2.6.0,<2.7.0)", "mypy (==0.942)", "pytest (>=6.2.4,<6.3.0)"]

[[package]]
name = "importlib-metadata"
version = "4.8.3"
description = "Read metadata from Python packages"
category = "main"
optional = false
python-versions = ">=3.6"

[package.dependencies]
typing-extensions = {version = ">=3.6.4", markers = "python_version < \"3.8\""}
zipp = ">=0.5"

[package.extras]
docs = ["sphinx", "jaraco.packaging (>=8.2)", "rst.linker (>=1.9)"]
perf = ["ipython"]
testing = ["pytest (>=6)", "pytest-checkdocs (>=2.4)", "pytest-flake8", "pytest-cov", "pytest-enabler (>=1.0.1)", "packaging", "pep517", "pyfakefs", "flufl.flake8", "pytest-perf (>=0.9.2)", "pytest-black (>=0.3.7)", "pytest-mypy", "importlib-resources (>=1.3)"]

[[package]]
name = "loguru"
version = "0.6.0"
description = "Python logging made (stupidly) simple"
category = "main"
optional = false
python-versions = ">=3.5"

[package.dependencies]
aiocontextvars = {version = ">=0.2.0", markers = "python_version < \"3.7\""}
colorama = {version = ">=0.3.4", markers = "sys_platform == \"win32\""}
win32-setctime = {version = ">=1.0.0", markers = "sys_platform == \"win32\""}

[package.extras]
dev = ["colorama (>=0.3.4)", "docutils (==0.16)", "flake8 (>=3.7.7)", "tox (>=3.9.0)", "pytest (>=4.6.2)", "pytest-cov (>=2.7.1)", "black (>=19.10b0)", "isort (>=5.1.1)", "Sphinx (>=4.1.1)", "sphinx-autobuild (>=0.7.1)", "sphinx-rtd-theme (>=0.4.3)"]

[[package]]
name = "pycodestyle"
version = "2.8.0"
description = "Python style guide checker"
category = "dev"
optional = false
python-versions = ">=2.7, !=3.0.*, !=3.1.*, !=3.2.*, !=3.3.*, !=3.4.*"

[[package]]
name = "python-dateutil"
version = "2.8.2"
description = "Extensions to the standard Python datetime module"
category = "main"
optional = false
python-versions = "!=3.0.*,!=3.1.*,!=3.2.*,>=2.7"

[package.dependencies]
six = ">=1.5"

[[package]]
name = "pyyaml"
version = "5.4.1"
description = "YAML parser and emitter for Python"
category = "main"
optional = false
python-versions = ">=2.7, !=3.0.*, !=3.1.*, !=3.2.*, !=3.3.*, !=3.4.*, !=3.5.*"

[[package]]
name = "requests"
version = "2.27.1"
description = "Python HTTP for Humans."
category = "main"
optional = false
python-versions = ">=2.7, !=3.0.*, !=3.1.*, !=3.2.*, !=3.3.*, !=3.4.*, !=3.5.*"

[package.dependencies]
certifi = ">=2017.4.17"
charset-normalizer = {version = ">=2.0.0,<2.1.0", markers = "python_version >= \"3\""}
idna = {version = ">=2.5,<4", markers = "python_version >= \"3\""}
urllib3 = ">=1.21.1,<1.27"

[package.extras]
socks = ["PySocks (>=1.5.6,!=1.5.7)", "win-inet-pton"]
use_chardet_on_py3 = ["chardet (>=3.0.2,<5)"]

[[package]]
name = "six"
version = "1.16.0"
description = "Python 2 and 3 compatibility utilities"
category = "main"
optional = false
python-versions = ">=2.7, !=3.0.*, !=3.1.*, !=3.2.*"

[[package]]
name = "typing-extensions"
version = "4.1.1"
description = "Backported and Experimental Type Hints for Python 3.6+"
category = "main"
optional = false
python-versions = ">=3.6"

[[package]]
name = "urllib3"
version = "1.22"
description = "HTTP library with thread-safe connection pooling, file post, and more."
category = "main"
optional = false
python-versions = "*"

[package.extras]
secure = ["pyOpenSSL (>=0.14)", "cryptography (>=1.3.4)", "idna (>=2.0.0)", "certifi", "ipaddress"]
socks = ["PySocks (>=1.5.6,!=1.5.7,<2.0)"]

[[package]]
name = "win32-setctime"
version = "1.1.0"
description = "A small Python utility to set file creation time on Windows"
category = "main"
optional = false
python-versions = ">=3.5"

[package.extras]
dev = ["pytest (>=4.6.2)", "black (>=19.3b0)"]

[[package]]
name = "zipp"
version = "3.6.0"
description = "Backport of pathlib-compatible object wrapper for zip files"
category = "main"
optional = false
python-versions = ">=3.6"

[package.extras]
docs = ["sphinx", "jaraco.packaging (>=8.2)", "rst.linker (>=1.9)"]
testing = ["pytest (>=4.6)", "pytest-checkdocs (>=2.4)", "pytest-flake8", "pytest-cov", "pytest-enabler (>=1.0.1)", "jaraco.itertools", "func-timeout", "pytest-black (>=0.3.7)", "pytest-mypy"]

[metadata]
lock-version = "1.1"
python-versions = ">=3.6"
content-hash = "7da19f2f65707dd35a927ee9507ab0ac0576da4bf585e7af81d9766e20d4db77"

[metadata.files]
aiocontextvars = [
    {file = "aiocontextvars-0.2.2-py2.py3-none-any.whl", hash = "sha256:885daf8261818767d8f7cbd79f9d4482d118f024b6586ef6e67980236a27bfa3"},
    {file = "aiocontextvars-0.2.2.tar.gz", hash = "sha256:f027372dc48641f683c559f247bd84962becaacdc9ba711d583c3871fb5652aa"},
]
certifi = [
    {file = "certifi-2022.5.18.1-py3-none-any.whl", hash = "sha256:f1d53542ee8cbedbe2118b5686372fb33c297fcd6379b050cca0ef13a597382a"},
    {file = "certifi-2022.5.18.1.tar.gz", hash = "sha256:9c5705e395cd70084351dd8ad5c41e65655e08ce46f2ec9cf6c2c08390f71eb7"},
]
charset-normalizer = [
    {file = "charset-normalizer-2.0.12.tar.gz", hash = "sha256:2857e29ff0d34db842cd7ca3230549d1a697f96ee6d3fb071cfa6c7393832597"},
    {file = "charset_normalizer-2.0.12-py3-none-any.whl", hash = "sha256:6881edbebdb17b39b4eaaa821b438bf6eddffb4468cf344f09f89def34a8b1df"},
]
click = [
    {file = "click-8.0.4-py3-none-any.whl", hash = "sha256:6a7a62563bbfabfda3a38f3023a1db4a35978c0abd76f6c9605ecd6554d6d9b1"},
    {file = "click-8.0.4.tar.gz", hash = "sha256:8458d7b1287c5fb128c90e23381cf99dcde74beaf6c7ff6384ce84d6fe090adb"},
]
colorama = [
    {file = "colorama-0.4.4-py2.py3-none-any.whl", hash = "sha256:9f47eda37229f68eee03b24b9748937c7dc3868f906e8ba69fbcbdd3bc5dc3e2"},
    {file = "colorama-0.4.4.tar.gz", hash = "sha256:5941b2b48a20143d2267e95b1c2a7603ce057ee39fd88e7329b0c292aa16869b"},
]
contextvars = [
    {file = "contextvars-2.4.tar.gz", hash = "sha256:f38c908aaa59c14335eeea12abea5f443646216c4e29380d7bf34d2018e2c39e"},
]
hardwario-common = [
    {file = "hardwario-common-1.6.1.tar.gz", hash = "sha256:8437c1e78395c484993b805096f4baf95e2cecf02e479fdc4e1ef2ac9d4de301"},
    {file = "hardwario_common-1.6.1-py3-none-any.whl", hash = "sha256:8c97ae18fb77d136e6e7282d5aadfcb34e85f403d9ba1a7d1cf3e3be0d75390b"},
]
idna = [
    {file = "idna-3.3-py3-none-any.whl", hash = "sha256:84d9dd047ffa80596e0f246e2eab0b391788b0503584e8945f2368256d2735ff"},
    {file = "idna-3.3.tar.gz", hash = "sha256:9d643ff0a55b762d5cdb124b8eaa99c66322e2157b69160bc32796e824360e6d"},
]
immutables = [
    {file = "immutables-0.18-cp310-cp310-macosx_10_9_universal2.whl", hash = "sha256:d841dfa15b932bdad27f5149bce86b32d0dd8a29679ed61405677317b6893447"},
    {file = "immutables-0.18-cp310-cp310-macosx_10_9_x86_64.whl", hash = "sha256:29a5886845cd0ca8263b721337750a895e28feee2f16694a526977a791909db5"},
    {file = "immutables-0.18-cp310-cp310-manylinux_2_17_aarch64.manylinux2014_aarch64.whl", hash = "sha256:6e979a9225507e3cd830ea73ac68b69fe82f495313a891485800daa5b6567e05"},
    {file = "immutables-0.18-cp310-cp310-manylinux_2_5_i686.manylinux1_i686.manylinux_2_17_i686.manylinux2014_i686.whl", hash = "sha256:9949f704b80d0e601587d0a3b1a0cc6ff5d49528f6dfc1c8a1476b2137bb925e"},
    {file = "immutables-0.18-cp310-cp310-manylinux_2_5_x86_64.manylinux1_x86_64.manylinux_2_17_x86_64.manylinux2014_x86_64.whl", hash = "sha256:2b6c820c9bb5aac62b76de703384bb8bb706108be90c3def4a7f047f185a92bb"},
    {file = "immutables-0.18-cp310-cp310-musllinux_1_1_aarch64.whl", hash = "sha256:03696193b276db3a9b619629685198886ddd7c4098c544bd8d0f87532c74120b"},
    {file = "immutables-0.18-cp310-cp310-musllinux_1_1_i686.whl", hash = "sha256:798b4d6c388116effa7523591e4e39865292e4fa74e169b05a0759a16f604ce1"},
    {file = "immutables-0.18-cp310-cp310-musllinux_1_1_x86_64.whl", hash = "sha256:b3621256bc8058a7973f736b9e2c940e17133476265a0a83b8df8c0f446ca32f"},
    {file = "immutables-0.18-cp310-cp310-win32.whl", hash = "sha256:98f67bd36532582751dcc9021fdb60e7efc82e5717ae5927b84d0b86ea58fe12"},
    {file = "immutables-0.18-cp310-cp310-win_amd64.whl", hash = "sha256:69352b45a115808219feaf0bb7a551e9aa76c72684db93cd03f11474165f4569"},
    {file = "immutables-0.18-cp36-cp36m-macosx_10_9_x86_64.whl", hash = "sha256:6ee2d6f8816fce53fa89b6a1ba2d4a96b344bf584d6ed0b10a871b17fff46e49"},
    {file = "immutables-0.18-cp36-cp36m-manylinux_2_17_aarch64.manylinux2014_aarch64.whl", hash = "sha256:13159cedb698fdd243d9f2a7469c1628e075a180fc02f865dd98322b92a14aaf"},
    {file = "immutables-0.18-cp36-cp36m-manylinux_2_5_i686.manylinux1_i686.manylinux_2_17_i686.manylinux2014_i686.whl", hash = "sha256:9d72527fde329e3b566b67c954237be52b07d6e84ff23dcc1e94499755cacff6"},
    {file = "immutables-0.18-cp36-cp36m-manylinux_2_5_x86_64.manylinux1_x86_64.manylinux_2_17_x86_64.manylinux2014_x86_64.whl", hash = "sha256:53fccddd28cc3214aa48ca564702311c07eac069190dd890e097802c5d69b33a"},
    {file = "immutables-0.18-cp36-cp36m-musllinux_1_1_aarch64.whl", hash = "sha256:a29e3aa0fe05fb2cc6b31039f448aa6206d7f0cdb660c98aa9be6d12070d6840"},
    {file = "immutables-0.18-cp36-cp36m-musllinux_1_1_i686.whl", hash = "sha256:ffced8535cc673fcfb411d28ba5744689a6978fa596c803725a76f43c1bda911"},
    {file = "immutables-0.18-cp36-cp36m-musllinux_1_1_x86_64.whl", hash = "sha256:9f17407491164beb689d426f7985f79ae9dfa69868653cfbdb95645f6bf05cb0"},
    {file = "immutables-0.18-cp36-cp36m-win32.whl", hash = "sha256:74456c579cfd53f883cdcc0700e3871648a3316767efc1adf8c723ad3d8addec"},
    {file = "immutables-0.18-cp36-cp36m-win_amd64.whl", hash = "sha256:e4c2110173649acf67bd763bbd2a9c3a863a1d20fd7f3db3493ce4e0fb04fae5"},
    {file = "immutables-0.18-cp37-cp37m-macosx_10_9_x86_64.whl", hash = "sha256:2aa5292630b08c874972931bac06ee381cb6fb7382d7be1856234d7bd4a8e676"},
    {file = "immutables-0.18-cp37-cp37m-manylinux_2_17_aarch64.manylinux2014_aarch64.whl", hash = "sha256:bc830a689a55e404f0e23d7d69e01c218fa8a0be54a6ca5df45b6fbfeeac648a"},
    {file = "immutables-0.18-cp37-cp37m-manylinux_2_5_i686.manylinux1_i686.manylinux_2_17_i686.manylinux2014_i686.whl", hash = "sha256:5caf9c670e6851e7f310716c7dcdf8705236d13056eda1fab3deaad5d7198468"},
    {file = "immutables-0.18-cp37-cp37m-manylinux_2_5_x86_64.manylinux1_x86_64.manylinux_2_17_x86_64.manylinux2014_x86_64.whl", hash = "sha256:853d63f4a07b2ea2131ba0831aeec11f6a6ee5e290e8f175bf56842762d7412e"},
    {file = "immutables-0.18-cp37-cp37m-musllinux_1_1_aarch64.whl", hash = "sha256:9a86dcca4bb406f80e7a18c233aec0e76a7530c456e24aa1e19a708a34f2aac1"},
    {file = "immutables-0.18-cp37-cp37m-musllinux_1_1_i686.whl", hash = "sha256:6baf4dc11ba0e9f41a6cbde7ecaa7af9cb482559b92ba3254e3e37a518b1970e"},
    {file = "immutables-0.18-cp37-cp37m-musllinux_1_1_x86_64.whl", hash = "sha256:734ec4467dd15f9135ca5ecccc91e796a67d27c227e81554f9e06b1bb3b28d6d"},
    {file = "immutables-0.18-cp37-cp37m-win32.whl", hash = "sha256:f6edb73619aa0a5fe4a77d97dd9d39bfeef61a5afe71aa5bdceccf59b933999e"},
    {file = "immutables-0.18-cp37-cp37m-win_amd64.whl", hash = "sha256:fade8ccf7afbc1e7ea353159fa90cc04395f2f4f57658160d7a02f6aa60c4e77"},
    {file = "immutables-0.18-cp38-cp38-macosx_10_9_universal2.whl", hash = "sha256:8b650d779a46441dccd02e7ee8326dbd0dec633c6bd75e9fe13373a6b19570dd"},
    {file = "immutables-0.18-cp38-cp38-macosx_10_9_x86_64.whl", hash = "sha256:1acbbc333f1643fd1ed21bcc3e09aad2ef6648478a0cae76a2ca5823764a7d3b"},
    {file = "immutables-0.18-cp38-cp38-manylinux_2_17_aarch64.manylinux2014_aarch64.whl", hash = "sha256:a3bad4d43009fa61ea40d887e6fa89ae7c4e62dff5e4a878d60b76cf245720bb"},
    {file = "immutables-0.18-cp38-cp38-manylinux_2_5_i686.manylinux1_i686.manylinux_2_17_i686.manylinux2014_i686.whl", hash = "sha256:e04b61ddffd4ccb4d7ab823b2e55dbb4ad47c37697e311fae4b98b3c023ab194"},
    {file = "immutables-0.18-cp38-cp38-manylinux_2_5_x86_64.manylinux1_x86_64.manylinux_2_17_x86_64.manylinux2014_x86_64.whl", hash = "sha256:54577e46c5332d7390212040c084335b7d667504847ed2788428d44f20e595ce"},
    {file = "immutables-0.18-cp38-cp38-musllinux_1_1_aarch64.whl", hash = "sha256:1330f96eb6a3a11f5d02f30b2c6393ef30d01a79f7144d63d2a3e6ff05cb99db"},
    {file = "immutables-0.18-cp38-cp38-musllinux_1_1_i686.whl", hash = "sha256:1d6821d7718cf9f4a7b1d9e765fc22a9d1ae0fad3fabd8724b4e614d2a6e0b54"},
    {file = "immutables-0.18-cp38-cp38-musllinux_1_1_x86_64.whl", hash = "sha256:45bd862a5dfb952eaff4a9c2448712c5a550dd956575e23cbfc512010fb06c74"},
    {file = "immutables-0.18-cp38-cp38-win32.whl", hash = "sha256:989606e440492736112b471dcd80586e3d4a63bc6f8ff4f9d1d612e0f96cb683"},
    {file = "immutables-0.18-cp38-cp38-win_amd64.whl", hash = "sha256:ac9e05f846392e983fb59f74ed2334031b366251d16d24122e4c85f70fb6e2da"},
    {file = "immutables-0.18-cp39-cp39-macosx_10_9_universal2.whl", hash = "sha256:de1a091ab89b7ba50501a915a0fbdceb52b079c752f4f7c76d2060237774a714"},
    {file = "immutables-0.18-cp39-cp39-macosx_10_9_x86_64.whl", hash = "sha256:5d43b16b6adbe1327c6688e14b125cb3b940e748790b305de96c8d55668ac25f"},
    {file = "immutables-0.18-cp39-cp39-manylinux_2_17_aarch64.manylinux2014_aarch64.whl", hash = "sha256:5f32b5933393e4cc204d8f9e7d9f503ec052e30f612090be0de0dd31b1464b35"},
    {file = "immutables-0.18-cp39-cp39-manylinux_2_5_i686.manylinux1_i686.manylinux_2_17_i686.manylinux2014_i686.whl", hash = "sha256:525fe9001b5a96c325eec41677efaeb8c3610776e834ce7f31fbe3d33cc05252"},
    {file = "immutables-0.18-cp39-cp39-manylinux_2_5_x86_64.manylinux1_x86_64.manylinux_2_17_x86_64.manylinux2014_x86_64.whl", hash = "sha256:d11da4946e19f3b24a873b2ba2891cc226a89bb398561c62dfb966a9b6501a4a"},
    {file = "immutables-0.18-cp39-cp39-musllinux_1_1_aarch64.whl", hash = "sha256:90da9dea0a1c0a907d511f124cd87fe090c0e30a951c3fe68bc9782ae4f2c77f"},
    {file = "immutables-0.18-cp39-cp39-musllinux_1_1_i686.whl", hash = "sha256:77bdc96dc24e32839557cde3785f8039a369c95529ff9179044b81d0ba4bd02c"},
    {file = "immutables-0.18-cp39-cp39-musllinux_1_1_x86_64.whl", hash = "sha256:210efea163a704597cfdb2d30713d3c0963c30f0d997539c9ab5da40e3d6a886"},
    {file = "immutables-0.18-cp39-cp39-win32.whl", hash = "sha256:535616ad7ca1174a27ade637192c970bfedb0b0e0467e69ce415b40d7cf7ba0c"},
    {file = "immutables-0.18-cp39-cp39-win_amd64.whl", hash = "sha256:1338aad6fd69f11442adcbb3402a028c90f6e945682ddb8aba462a3827f2d427"},
    {file = "immutables-0.18.tar.gz", hash = "sha256:5336c7974084cce62f7e29aaff81a3c3f75e0fd0a23a2faeb986ae0ea08d8cf4"},
]
importlib-metadata = [
    {file = "importlib_metadata-4.8.3-py3-none-any.whl", hash = "sha256:65a9576a5b2d58ca44d133c42a241905cc45e34d2c06fd5ba2bafa221e5d7b5e"},
    {file = "importlib_metadata-4.8.3.tar.gz", hash = "sha256:766abffff765960fcc18003801f7044eb6755ffae4521c8e8ce8e83b9c9b0668"},
]
loguru = [
    {file = "loguru-0.6.0-py3-none-any.whl", hash = "sha256:4e2414d534a2ab57573365b3e6d0234dfb1d84b68b7f3b948e6fb743860a77c3"},
    {file = "loguru-0.6.0.tar.gz", hash = "sha256:066bd06758d0a513e9836fd9c6b5a75bfb3fd36841f4b996bc60b547a309d41c"},
]
pycodestyle = [
    {file = "pycodestyle-2.8.0-py2.py3-none-any.whl", hash = "sha256:720f8b39dde8b293825e7ff02c475f3077124006db4f440dcbc9a20b76548a20"},
    {file = "pycodestyle-2.8.0.tar.gz", hash = "sha256:eddd5847ef438ea1c7870ca7eb78a9d47ce0cdb4851a5523949f2601d0cbbe7f"},
]
python-dateutil = [
    {file = "python-dateutil-2.8.2.tar.gz", hash = "sha256:0123cacc1627ae19ddf3c27a5de5bd67ee4586fbdd6440d9748f8abb483d3e86"},
    {file = "python_dateutil-2.8.2-py2.py3-none-any.whl", hash = "sha256:961d03dc3453ebbc59dbdea9e4e11c5651520a876d0f4db161e8674aae935da9"},
]
pyyaml = [
    {file = "PyYAML-5.4.1-cp27-cp27m-macosx_10_9_x86_64.whl", hash = "sha256:3b2b1824fe7112845700f815ff6a489360226a5609b96ec2190a45e62a9fc922"},
    {file = "PyYAML-5.4.1-cp27-cp27m-win32.whl", hash = "sha256:129def1b7c1bf22faffd67b8f3724645203b79d8f4cc81f674654d9902cb4393"},
    {file = "PyYAML-5.4.1-cp27-cp27m-win_amd64.whl", hash = "sha256:4465124ef1b18d9ace298060f4eccc64b0850899ac4ac53294547536533800c8"},
    {file = "PyYAML-5.4.1-cp27-cp27mu-manylinux1_x86_64.whl", hash = "sha256:bb4191dfc9306777bc594117aee052446b3fa88737cd13b7188d0e7aa8162185"},
    {file = "PyYAML-5.4.1-cp36-cp36m-macosx_10_9_x86_64.whl", hash = "sha256:6c78645d400265a062508ae399b60b8c167bf003db364ecb26dcab2bda048253"},
    {file = "PyYAML-5.4.1-cp36-cp36m-manylinux1_x86_64.whl", hash = "sha256:4e0583d24c881e14342eaf4ec5fbc97f934b999a6828693a99157fde912540cc"},
    {file = "PyYAML-5.4.1-cp36-cp36m-manylinux2014_aarch64.whl", hash = "sha256:72a01f726a9c7851ca9bfad6fd09ca4e090a023c00945ea05ba1638c09dc3347"},
    {file = "PyYAML-5.4.1-cp36-cp36m-manylinux2014_s390x.whl", hash = "sha256:895f61ef02e8fed38159bb70f7e100e00f471eae2bc838cd0f4ebb21e28f8541"},
    {file = "PyYAML-5.4.1-cp36-cp36m-win32.whl", hash = "sha256:3bd0e463264cf257d1ffd2e40223b197271046d09dadf73a0fe82b9c1fc385a5"},
    {file = "PyYAML-5.4.1-cp36-cp36m-win_amd64.whl", hash = "sha256:e4fac90784481d221a8e4b1162afa7c47ed953be40d31ab4629ae917510051df"},
    {file = "PyYAML-5.4.1-cp37-cp37m-macosx_10_9_x86_64.whl", hash = "sha256:5accb17103e43963b80e6f837831f38d314a0495500067cb25afab2e8d7a4018"},
    {file = "PyYAML-5.4.1-cp37-cp37m-manylinux1_x86_64.whl", hash = "sha256:e1d4970ea66be07ae37a3c2e48b5ec63f7ba6804bdddfdbd3cfd954d25a82e63"},
    {file = "PyYAML-5.4.1-cp37-cp37m-manylinux2014_aarch64.whl", hash = "sha256:cb333c16912324fd5f769fff6bc5de372e9e7a202247b48870bc251ed40239aa"},
    {file = "PyYAML-5.4.1-cp37-cp37m-manylinux2014_s390x.whl", hash = "sha256:fe69978f3f768926cfa37b867e3843918e012cf83f680806599ddce33c2c68b0"},
    {file = "PyYAML-5.4.1-cp37-cp37m-win32.whl", hash = "sha256:dd5de0646207f053eb0d6c74ae45ba98c3395a571a2891858e87df7c9b9bd51b"},
    {file = "PyYAML-5.4.1-cp37-cp37m-win_amd64.whl", hash = "sha256:08682f6b72c722394747bddaf0aa62277e02557c0fd1c42cb853016a38f8dedf"},
    {file = "PyYAML-5.4.1-cp38-cp38-macosx_10_9_x86_64.whl", hash = "sha256:d2d9808ea7b4af864f35ea216be506ecec180628aced0704e34aca0b040ffe46"},
    {file = "PyYAML-5.4.1-cp38-cp38-manylinux1_x86_64.whl", hash = "sha256:8c1be557ee92a20f184922c7b6424e8ab6691788e6d86137c5d93c1a6ec1b8fb"},
    {file = "PyYAML-5.4.1-cp38-cp38-manylinux2014_aarch64.whl", hash = "sha256:fd7f6999a8070df521b6384004ef42833b9bd62cfee11a09bda1079b4b704247"},
    {file = "PyYAML-5.4.1-cp38-cp38-manylinux2014_s390x.whl", hash = "sha256:bfb51918d4ff3d77c1c856a9699f8492c612cde32fd3bcd344af9be34999bfdc"},
    {file = "PyYAML-5.4.1-cp38-cp38-win32.whl", hash = "sha256:fa5ae20527d8e831e8230cbffd9f8fe952815b2b7dae6ffec25318803a7528fc"},
    {file = "PyYAML-5.4.1-cp38-cp38-win_amd64.whl", hash = "sha256:0f5f5786c0e09baddcd8b4b45f20a7b5d61a7e7e99846e3c799b05c7c53fa696"},
    {file = "PyYAML-5.4.1-cp39-cp39-macosx_10_9_x86_64.whl", hash = "sha256:294db365efa064d00b8d1ef65d8ea2c3426ac366c0c4368d930bf1c5fb497f77"},
    {file = "PyYAML-5.4.1-cp39-cp39-manylinux1_x86_64.whl", hash = "sha256:74c1485f7707cf707a7aef42ef6322b8f97921bd89be2ab6317fd782c2d53183"},
    {file = "PyYAML-5.4.1-cp39-cp39-manylinux2014_aarch64.whl", hash = "sha256:d483ad4e639292c90170eb6f7783ad19490e7a8defb3e46f97dfe4bacae89122"},
    {file = "PyYAML-5.4.1-cp39-cp39-manylinux2014_s390x.whl", hash = "sha256:fdc842473cd33f45ff6bce46aea678a54e3d21f1b61a7750ce3c498eedfe25d6"},
    {file = "PyYAML-5.4.1-cp39-cp39-win32.whl", hash = "sha256:49d4cdd9065b9b6e206d0595fee27a96b5dd22618e7520c33204a4a3239d5b10"},
    {file = "PyYAML-5.4.1-cp39-cp39-win_amd64.whl", hash = "sha256:c20cfa2d49991c8b4147af39859b167664f2ad4561704ee74c1de03318e898db"},
    {file = "PyYAML-5.4.1.tar.gz", hash = "sha256:607774cbba28732bfa802b54baa7484215f530991055bb562efbed5b2f20a45e"},
]
requests = [
    {file = "requests-2.27.1-py2.py3-none-any.whl", hash = "sha256:f22fa1e554c9ddfd16e6e41ac79759e17be9e492b3587efa038054674760e72d"},
    {file = "requests-2.27.1.tar.gz", hash = "sha256:68d7c56fd5a8999887728ef304a6d12edc7be74f1cfa47714fc8b414525c9a61"},
]
six = [
    {file = "six-1.16.0-py2.py3-none-any.whl", hash = "sha256:8abb2f1d86890a2dfb989f9a77cfcfd3e47c2a354b01111771326f8aa26e0254"},
    {file = "six-1.16.0.tar.gz", hash = "sha256:1e61c37477a1626458e36f7b1d82aa5c9b094fa4802892072e49de9c60c4c926"},
]
typing-extensions = [
    {file = "typing_extensions-4.1.1-py3-none-any.whl", hash = "sha256:21c85e0fe4b9a155d0799430b0ad741cdce7e359660ccbd8b530613e8df88ce2"},
    {file = "typing_extensions-4.1.1.tar.gz", hash = "sha256:1a9462dcc3347a79b1f1c0271fbe79e844580bb598bafa1ed208b94da3cdcd42"},
]
urllib3 = [
    {file = "urllib3-1.22-py2.py3-none-any.whl", hash = "sha256:06330f386d6e4b195fbfc736b297f58c5a892e4440e54d294d7004e3a9bbea1b"},
    {file = "urllib3-1.22.tar.gz", hash = "sha256:cc44da8e1145637334317feebd728bd869a35285b93cbb4cca2577da7e62db4f"},
]
win32-setctime = [
    {file = "win32_setctime-1.1.0-py3-none-any.whl", hash = "sha256:231db239e959c2fe7eb1d7dc129f11172354f98361c4fa2d6d2d7e278baa8aad"},
    {file = "win32_setctime-1.1.0.tar.gz", hash = "sha256:15cf5750465118d6929ae4de4eb46e8edae9a5634350c01ba582df868e932cb2"},
]
zipp = [
    {file = "zipp-3.6.0-py3-none-any.whl", hash = "sha256:9fe5ea21568a0a70e50f273397638d39b03353731e6cbbb3fd8502a33fec40bc"},
    {file = "zipp-3.6.0.tar.gz", hash = "sha256:71c644c5369f4a6e07636f0aa966270449561fcea2e3d6747b8d23efaa9d7832"},
]
